
Microsoft Visual Studio Solution File, Format Version 12.00
# Visual Studio 15
VisualStudioVersion = 15.0.26430.6
MinimumVisualStudioVersion = 10.0.40219.1
Project("{FAE04EC0-301F-11D3-BF4B-00C04F79EFBC}") = "Tavisca.Training2017.Basics.StackUsingQueues.Host", "Tavisca.Training2017.Basics.StackUsingQueues.Host\Tavisca.Training2017.Basics.StackUsingQueues.Host.csproj", "{F542A2C6-FB88-4D5B-AC8B-E1E4628DFBF8}"
EndProject
Project("{FAE04EC0-301F-11D3-BF4B-00C04F79EFBC}") = "Tavisca.Training2017.Basics.StackUsingQueuesImpl", "Tavisca.Training2017.Basics.StackUsingQueuesImpl\Tavisca.Training2017.Basics.StackUsingQueuesImpl.csproj", "{5A0CBCB9-CEBA-4359-98D7-D6FC81237470}"
EndProject
Global
	GlobalSection(SolutionConfigurationPlatforms) = preSolution
		Debug|Any CPU = Debug|Any CPU
		Release|Any CPU = Release|Any CPU
	EndGlobalSection
	GlobalSection(ProjectConfigurationPlatforms) = postSolution
		{F542A2C6-FB88-4D5B-AC8B-E1E4628DFBF8}.Debug|Any CPU.ActiveCfg = Debug|Any CPU
		{F542A2C6-FB88-4D5B-AC8B-E1E4628DFBF8}.Debug|Any CPU.Build.0 = Debug|Any CPU
		{F542A2C6-FB88-4D5B-AC8B-E1E4628DFBF8}.Release|Any CPU.ActiveCfg = Release|Any CPU
		{F542A2C6-FB88-4D5B-AC8B-E1E4628DFBF8}.Release|Any CPU.Build.0 = Release|Any CPU
		{5A0CBCB9-CEBA-4359-98D7-D6FC81237470}.Debug|Any CPU.ActiveCfg = Debug|Any CPU
		{5A0CBCB9-CEBA-4359-98D7-D6FC81237470}.Debug|Any CPU.Build.0 = Debug|Any CPU
		{5A0CBCB9-CEBA-4359-98D7-D6FC81237470}.Release|Any CPU.ActiveCfg = Release|Any CPU
		{5A0CBCB9-CEBA-4359-98D7-D6FC81237470}.Release|Any CPU.Build.0 = Release|Any CPU
	EndGlobalSection
	GlobalSection(SolutionProperties) = preSolution
		HideSolutionNode = FALSE
	EndGlobalSection
EndGlobal
