
Microsoft Visual Studio Solution File, Format Version 12.00
# Visual Studio 15
VisualStudioVersion = 15.0.26430.6
MinimumVisualStudioVersion = 10.0.40219.1
Project("{FAE04EC0-301F-11D3-BF4B-00C04F79EFBC}") = "Tavisca.Training2017.Basics.FindTrailingZeroes.Host", "Tavisca.Training2017.Basics.FindTrailingZeroes.Host\Tavisca.Training2017.Basics.FindTrailingZeroes.Host.csproj", "{583ECFE1-776F-4CC7-AC57-7C8241B5D237}"
EndProject
Project("{FAE04EC0-301F-11D3-BF4B-00C04F79EFBC}") = "Tavisca.Training2017.Basics.FindTrailingZeroesImpl", "Tavisca.Training2017.Basics.FindTrailingZeroesImpl\Tavisca.Training2017.Basics.FindTrailingZeroesImpl.csproj", "{316FB8FA-18F6-4167-A592-8285E6B56678}"
EndProject
Global
	GlobalSection(SolutionConfigurationPlatforms) = preSolution
		Debug|Any CPU = Debug|Any CPU
		Release|Any CPU = Release|Any CPU
	EndGlobalSection
	GlobalSection(ProjectConfigurationPlatforms) = postSolution
		{583ECFE1-776F-4CC7-AC57-7C8241B5D237}.Debug|Any CPU.ActiveCfg = Debug|Any CPU
		{583ECFE1-776F-4CC7-AC57-7C8241B5D237}.Debug|Any CPU.Build.0 = Debug|Any CPU
		{583ECFE1-776F-4CC7-AC57-7C8241B5D237}.Release|Any CPU.ActiveCfg = Release|Any CPU
		{583ECFE1-776F-4CC7-AC57-7C8241B5D237}.Release|Any CPU.Build.0 = Release|Any CPU
		{316FB8FA-18F6-4167-A592-8285E6B56678}.Debug|Any CPU.ActiveCfg = Debug|Any CPU
		{316FB8FA-18F6-4167-A592-8285E6B56678}.Debug|Any CPU.Build.0 = Debug|Any CPU
		{316FB8FA-18F6-4167-A592-8285E6B56678}.Release|Any CPU.ActiveCfg = Release|Any CPU
		{316FB8FA-18F6-4167-A592-8285E6B56678}.Release|Any CPU.Build.0 = Release|Any CPU
	EndGlobalSection
	GlobalSection(SolutionProperties) = preSolution
		HideSolutionNode = FALSE
	EndGlobalSection
EndGlobal
